{
  "pins" : [
    {
      "identity" : "flyingfox",
      "kind" : "remoteSourceControl",
      "location" : "https://github.com/swhitty/FlyingFox.git",
      "state" : {
        "revision" : "8a20a97f2037f133ac9bf5a817a4eb70bfd04981",
        "version" : "0.12.3"
      }
    }
  ],
  "version" : 2
}
